
Microsoft Visual Studio Solution File, Format Version 12.00
# Visual Studio Version 16
VisualStudioVersion = 16.0.30225.117
MinimumVisualStudioVersion = 10.0.40219.1
Project("{FAE04EC0-301F-11D3-BF4B-00C04F79EFBC}") = "aula3", "aula3\aula3.csproj", "{2C8245E0-2D43-4E6B-AD94-E98492C22535}"
EndProject
Global
	GlobalSection(SolutionConfigurationPlatforms) = preSolution
		Debug|Any CPU = Debug|Any CPU
		Release|Any CPU = Release|Any CPU
	EndGlobalSection
	GlobalSection(ProjectConfigurationPlatforms) = postSolution
		{2C8245E0-2D43-4E6B-AD94-E98492C22535}.Debug|Any CPU.ActiveCfg = Debug|Any CPU
		{2C8245E0-2D43-4E6B-AD94-E98492C22535}.Debug|Any CPU.Build.0 = Debug|Any CPU
		{2C8245E0-2D43-4E6B-AD94-E98492C22535}.Release|Any CPU.ActiveCfg = Release|Any CPU
		{2C8245E0-2D43-4E6B-AD94-E98492C22535}.Release|Any CPU.Build.0 = Release|Any CPU
	EndGlobalSection
	GlobalSection(SolutionProperties) = preSolution
		HideSolutionNode = FALSE
	EndGlobalSection
	GlobalSection(ExtensibilityGlobals) = postSolution
		SolutionGuid = {026F47DD-BEE3-48D0-BF08-62246415D9FE}
	EndGlobalSection
EndGlobal
